
Microsoft Visual Studio Solution File, Format Version 12.00
# Visual Studio Version 16
VisualStudioVersion = 16.0.30406.217
MinimumVisualStudioVersion = 10.0.40219.1
Project("{8BC9CEB8-8B4A-11D0-8D11-00A0C91BC942}") = "1", "1\1.vcxproj", "{C9A73BE6-A0C3-4731-B499-E8DF4B7A01D1}"
EndProject
Project("{8BC9CEB8-8B4A-11D0-8D11-00A0C91BC942}") = "2", "2\2.vcxproj", "{B5BDA7C0-53E2-4C7B-B335-EEE688EDACFB}"
EndProject
Project("{8BC9CEB8-8B4A-11D0-8D11-00A0C91BC942}") = "3", "3\3.vcxproj", "{9E6FA39C-4E80-4140-8DFF-9FE2E33C4D1D}"
EndProject
Global
	GlobalSection(SolutionConfigurationPlatforms) = preSolution
		Debug|x64 = Debug|x64
		Debug|x86 = Debug|x86
		Release|x64 = Release|x64
		Release|x86 = Release|x86
	EndGlobalSection
	GlobalSection(ProjectConfigurationPlatforms) = postSolution
		{C9A73BE6-A0C3-4731-B499-E8DF4B7A01D1}.Debug|x64.ActiveCfg = Debug|x64
		{C9A73BE6-A0C3-4731-B499-E8DF4B7A01D1}.Debug|x64.Build.0 = Debug|x64
		{C9A73BE6-A0C3-4731-B499-E8DF4B7A01D1}.Debug|x86.ActiveCfg = Debug|Win32
		{C9A73BE6-A0C3-4731-B499-E8DF4B7A01D1}.Debug|x86.Build.0 = Debug|Win32
		{C9A73BE6-A0C3-4731-B499-E8DF4B7A01D1}.Release|x64.ActiveCfg = Release|x64
		{C9A73BE6-A0C3-4731-B499-E8DF4B7A01D1}.Release|x64.Build.0 = Release|x64
		{C9A73BE6-A0C3-4731-B499-E8DF4B7A01D1}.Release|x86.ActiveCfg = Release|Win32
		{C9A73BE6-A0C3-4731-B499-E8DF4B7A01D1}.Release|x86.Build.0 = Release|Win32
		{B5BDA7C0-53E2-4C7B-B335-EEE688EDACFB}.Debug|x64.ActiveCfg = Debug|x64
		{B5BDA7C0-53E2-4C7B-B335-EEE688EDACFB}.Debug|x64.Build.0 = Debug|x64
		{B5BDA7C0-53E2-4C7B-B335-EEE688EDACFB}.Debug|x86.ActiveCfg = Debug|Win32
		{B5BDA7C0-53E2-4C7B-B335-EEE688EDACFB}.Debug|x86.Build.0 = Debug|Win32
		{B5BDA7C0-53E2-4C7B-B335-EEE688EDACFB}.Release|x64.ActiveCfg = Release|x64
		{B5BDA7C0-53E2-4C7B-B335-EEE688EDACFB}.Release|x64.Build.0 = Release|x64
		{B5BDA7C0-53E2-4C7B-B335-EEE688EDACFB}.Release|x86.ActiveCfg = Release|Win32
		{B5BDA7C0-53E2-4C7B-B335-EEE688EDACFB}.Release|x86.Build.0 = Release|Win32
		{9E6FA39C-4E80-4140-8DFF-9FE2E33C4D1D}.Debug|x64.ActiveCfg = Debug|x64
		{9E6FA39C-4E80-4140-8DFF-9FE2E33C4D1D}.Debug|x64.Build.0 = Debug|x64
		{9E6FA39C-4E80-4140-8DFF-9FE2E33C4D1D}.Debug|x86.ActiveCfg = Debug|Win32
		{9E6FA39C-4E80-4140-8DFF-9FE2E33C4D1D}.Debug|x86.Build.0 = Debug|Win32
		{9E6FA39C-4E80-4140-8DFF-9FE2E33C4D1D}.Release|x64.ActiveCfg = Release|x64
		{9E6FA39C-4E80-4140-8DFF-9FE2E33C4D1D}.Release|x64.Build.0 = Release|x64
		{9E6FA39C-4E80-4140-8DFF-9FE2E33C4D1D}.Release|x86.ActiveCfg = Release|Win32
		{9E6FA39C-4E80-4140-8DFF-9FE2E33C4D1D}.Release|x86.Build.0 = Release|Win32
	EndGlobalSection
	GlobalSection(SolutionProperties) = preSolution
		HideSolutionNode = FALSE
	EndGlobalSection
	GlobalSection(ExtensibilityGlobals) = postSolution
		SolutionGuid = {A6A0182F-B61B-4AEA-AC9B-03EB689FDBAF}
	EndGlobalSection
EndGlobal
